// !$*UTF8*$!
{
	archiveVersion = 1;
	classes = {
	};
	objectVersion = 51;
	objects = {

/* Begin PBXBuildFile section */
		0702CC792668CDD30095CF82 /* TagListPageViewController.swift in Sources */ = {isa = PBXBuildFile; fileRef = 0702CC782668CDD30095CF82 /* TagListPageViewController.swift */; };
		0716D7CE261EED7B008038D1 /* AppDelegate.swift in Sources */ = {isa = PBXBuildFile; fileRef = 0716D7CD261EED7B008038D1 /* AppDelegate.swift */; };
		0716D7D0261EED7B008038D1 /* SceneDelegate.swift in Sources */ = {isa = PBXBuildFile; fileRef = 0716D7CF261EED7B008038D1 /* SceneDelegate.swift */; };
		0716D7D2261EED7B008038D1 /* TopPageViewController.swift in Sources */ = {isa = PBXBuildFile; fileRef = 0716D7D1261EED7B008038D1 /* TopPageViewController.swift */; };
		0716D7D5261EED7B008038D1 /* Main.storyboard in Resources */ = {isa = PBXBuildFile; fileRef = 0716D7D3261EED7B008038D1 /* Main.storyboard */; };
		0716D7D7261EED7C008038D1 /* Assets.xcassets in Resources */ = {isa = PBXBuildFile; fileRef = 0716D7D6261EED7C008038D1 /* Assets.xcassets */; };
		0716D7DA261EED7C008038D1 /* LaunchScreen.storyboard in Resources */ = {isa = PBXBuildFile; fileRef = 0716D7D8261EED7C008038D1 /* LaunchScreen.storyboard */; };
		0716D7E5261EED7C008038D1 /* Qiita_AppTests.swift in Sources */ = {isa = PBXBuildFile; fileRef = 0716D7E4261EED7C008038D1 /* Qiita_AppTests.swift */; };
		0716D7F0261EED7D008038D1 /* Qiita_AppUITests.swift in Sources */ = {isa = PBXBuildFile; fileRef = 0716D7EF261EED7D008038D1 /* Qiita_AppUITests.swift */; };
		071772C42647934000899627 /* QiitaQAuthPageViewController.swift in Sources */ = {isa = PBXBuildFile; fileRef = 071772C32647934000899627 /* QiitaQAuthPageViewController.swift */; };
		071772C626479D6700899627 /* DataModel.swift in Sources */ = {isa = PBXBuildFile; fileRef = 071772C526479D6700899627 /* DataModel.swift */; };
		071772C82647A22300899627 /* QiitaArticlePageViewController.swift in Sources */ = {isa = PBXBuildFile; fileRef = 071772C72647A22300899627 /* QiitaArticlePageViewController.swift */; };
		071772CF2647B38200899627 /* FeedPageCell.swift in Sources */ = {isa = PBXBuildFile; fileRef = 071772CD2647B38200899627 /* FeedPageCell.swift */; };
		0738BD9E2626C98000E4580B /* FeedPageViewController.swift in Sources */ = {isa = PBXBuildFile; fileRef = 0738BD9C2626C98000E4580B /* FeedPageViewController.swift */; };
		075BE0D6266B77C200D2DBCD /* TagListCell.swift in Sources */ = {isa = PBXBuildFile; fileRef = 075BE0D5266B77C200D2DBCD /* TagListCell.swift */; };
		079A87BC263E7BD0008C2503 /* MainTabBarController.swift in Sources */ = {isa = PBXBuildFile; fileRef = 079A87BB263E7BD0008C2503 /* MainTabBarController.swift */; };
		079DF1792662546B00F298F6 /* SecretKey.swift in Sources */ = {isa = PBXBuildFile; fileRef = 079DF1782662546B00F298F6 /* SecretKey.swift */; };
		07B7550D2685D348009CD7EF /* TagModel.swift in Sources */ = {isa = PBXBuildFile; fileRef = 07B7550C2685D348009CD7EF /* TagModel.swift */; };
		07D042B626281B3B0096EDD7 /* WebKit.framework in Frameworks */ = {isa = PBXBuildFile; fileRef = 07D042B526281B3B0096EDD7 /* WebKit.framework */; };
		07DE4A2A268D9B8300ED9048 /* DataFormate.swift in Sources */ = {isa = PBXBuildFile; fileRef = 07DE4A29268D9B8300ED9048 /* DataFormate.swift */; };
		07E7B89D2671F4A500C0FB1E /* UIImage+Extension.swift in Sources */ = {isa = PBXBuildFile; fileRef = 07E7B89C2671F4A500C0FB1E /* UIImage+Extension.swift */; };
		07E7B89F2671F51800C0FB1E /* EnhancedCircleImageView.swift in Sources */ = {isa = PBXBuildFile; fileRef = 07E7B89E2671F51800C0FB1E /* EnhancedCircleImageView.swift */; };
		372618CB28352E9673FAD014 /* Pods_Qiita_App_Qiita_AppUITests.framework in Frameworks */ = {isa = PBXBuildFile; fileRef = E51BF7201AE226CA5FA6EA2A /* Pods_Qiita_App_Qiita_AppUITests.framework */; };
		8951C901D3280165AAA67226 /* Pods_Qiita_App.framework in Frameworks */ = {isa = PBXBuildFile; fileRef = D267A09C6D8BB6602C0AC844 /* Pods_Qiita_App.framework */; };
		D52A24D5AF241FD14F048CBD /* Pods_Qiita_AppTests.framework in Frameworks */ = {isa = PBXBuildFile; fileRef = BFAF87A7378337E9C6265B64 /* Pods_Qiita_AppTests.framework */; };
/* End PBXBuildFile section */

/* Begin PBXContainerItemProxy section */
		0716D7E1261EED7C008038D1 /* PBXContainerItemProxy */ = {
			isa = PBXContainerItemProxy;
			containerPortal = 0716D7C2261EED7B008038D1 /* Project object */;
			proxyType = 1;
			remoteGlobalIDString = 0716D7C9261EED7B008038D1;
			remoteInfo = Qiita_App;
		};
		0716D7EC261EED7D008038D1 /* PBXContainerItemProxy */ = {
			isa = PBXContainerItemProxy;
			containerPortal = 0716D7C2261EED7B008038D1 /* Project object */;
			proxyType = 1;
			remoteGlobalIDString = 0716D7C9261EED7B008038D1;
			remoteInfo = Qiita_App;
		};
/* End PBXContainerItemProxy section */

/* Begin PBXFileReference section */
		01AF906B2B7B997C63AAC2AA /* Pods-Qiita_App.debug.xcconfig */ = {isa = PBXFileReference; includeInIndex = 1; lastKnownFileType = text.xcconfig; name = "Pods-Qiita_App.debug.xcconfig"; path = "Target Support Files/Pods-Qiita_App/Pods-Qiita_App.debug.xcconfig"; sourceTree = "<group>"; };
		0702CC782668CDD30095CF82 /* TagListPageViewController.swift */ = {isa = PBXFileReference; lastKnownFileType = sourcecode.swift; path = TagListPageViewController.swift; sourceTree = "<group>"; };
		0716D7CA261EED7B008038D1 /* Qiita_App.app */ = {isa = PBXFileReference; explicitFileType = wrapper.application; includeInIndex = 0; path = Qiita_App.app; sourceTree = BUILT_PRODUCTS_DIR; };
		0716D7CD261EED7B008038D1 /* AppDelegate.swift */ = {isa = PBXFileReference; lastKnownFileType = sourcecode.swift; path = AppDelegate.swift; sourceTree = "<group>"; };
		0716D7CF261EED7B008038D1 /* SceneDelegate.swift */ = {isa = PBXFileReference; lastKnownFileType = sourcecode.swift; path = SceneDelegate.swift; sourceTree = "<group>"; };
		0716D7D1261EED7B008038D1 /* TopPageViewController.swift */ = {isa = PBXFileReference; lastKnownFileType = sourcecode.swift; path = TopPageViewController.swift; sourceTree = "<group>"; };
		0716D7D4261EED7B008038D1 /* Base */ = {isa = PBXFileReference; lastKnownFileType = file.storyboard; name = Base; path = Base.lproj/Main.storyboard; sourceTree = "<group>"; };
		0716D7D6261EED7C008038D1 /* Assets.xcassets */ = {isa = PBXFileReference; lastKnownFileType = folder.assetcatalog; path = Assets.xcassets; sourceTree = "<group>"; };
		0716D7D9261EED7C008038D1 /* Base */ = {isa = PBXFileReference; lastKnownFileType = file.storyboard; name = Base; path = Base.lproj/LaunchScreen.storyboard; sourceTree = "<group>"; };
		0716D7DB261EED7C008038D1 /* Info.plist */ = {isa = PBXFileReference; lastKnownFileType = text.plist.xml; path = Info.plist; sourceTree = "<group>"; };
		0716D7E0261EED7C008038D1 /* Qiita_AppTests.xctest */ = {isa = PBXFileReference; explicitFileType = wrapper.cfbundle; includeInIndex = 0; path = Qiita_AppTests.xctest; sourceTree = BUILT_PRODUCTS_DIR; };
		0716D7E4261EED7C008038D1 /* Qiita_AppTests.swift */ = {isa = PBXFileReference; lastKnownFileType = sourcecode.swift; path = Qiita_AppTests.swift; sourceTree = "<group>"; };
		0716D7E6261EED7D008038D1 /* Info.plist */ = {isa = PBXFileReference; lastKnownFileType = text.plist.xml; path = Info.plist; sourceTree = "<group>"; };
		0716D7EB261EED7D008038D1 /* Qiita_AppUITests.xctest */ = {isa = PBXFileReference; explicitFileType = wrapper.cfbundle; includeInIndex = 0; path = Qiita_AppUITests.xctest; sourceTree = BUILT_PRODUCTS_DIR; };
		0716D7EF261EED7D008038D1 /* Qiita_AppUITests.swift */ = {isa = PBXFileReference; lastKnownFileType = sourcecode.swift; path = Qiita_AppUITests.swift; sourceTree = "<group>"; };
		0716D7F1261EED7D008038D1 /* Info.plist */ = {isa = PBXFileReference; lastKnownFileType = text.plist.xml; path = Info.plist; sourceTree = "<group>"; };
		071772C32647934000899627 /* QiitaQAuthPageViewController.swift */ = {isa = PBXFileReference; lastKnownFileType = sourcecode.swift; path = QiitaQAuthPageViewController.swift; sourceTree = "<group>"; };
		071772C526479D6700899627 /* DataModel.swift */ = {isa = PBXFileReference; lastKnownFileType = sourcecode.swift; path = DataModel.swift; sourceTree = "<group>"; };
		071772C72647A22300899627 /* QiitaArticlePageViewController.swift */ = {isa = PBXFileReference; lastKnownFileType = sourcecode.swift; path = QiitaArticlePageViewController.swift; sourceTree = "<group>"; };
		071772CD2647B38200899627 /* FeedPageCell.swift */ = {isa = PBXFileReference; lastKnownFileType = sourcecode.swift; path = FeedPageCell.swift; sourceTree = "<group>"; };
		0738BD9C2626C98000E4580B /* FeedPageViewController.swift */ = {isa = PBXFileReference; lastKnownFileType = sourcecode.swift; path = FeedPageViewController.swift; sourceTree = "<group>"; };
		075BE0D5266B77C200D2DBCD /* TagListCell.swift */ = {isa = PBXFileReference; lastKnownFileType = sourcecode.swift; path = TagListCell.swift; sourceTree = "<group>"; };
		079A87BB263E7BD0008C2503 /* MainTabBarController.swift */ = {isa = PBXFileReference; lastKnownFileType = sourcecode.swift; path = MainTabBarController.swift; sourceTree = "<group>"; };
		079DF1782662546B00F298F6 /* SecretKey.swift */ = {isa = PBXFileReference; lastKnownFileType = sourcecode.swift; path = SecretKey.swift; sourceTree = "<group>"; };
		07B7550C2685D348009CD7EF /* TagModel.swift */ = {isa = PBXFileReference; lastKnownFileType = sourcecode.swift; path = TagModel.swift; sourceTree = "<group>"; };
		07D042B526281B3B0096EDD7 /* WebKit.framework */ = {isa = PBXFileReference; lastKnownFileType = wrapper.framework; name = WebKit.framework; path = System/Library/Frameworks/WebKit.framework; sourceTree = SDKROOT; };
		07DE4A29268D9B8300ED9048 /* DataFormate.swift */ = {isa = PBXFileReference; lastKnownFileType = sourcecode.swift; path = DataFormate.swift; sourceTree = "<group>"; };
		07E7B89C2671F4A500C0FB1E /* UIImage+Extension.swift */ = {isa = PBXFileReference; lastKnownFileType = sourcecode.swift; path = "UIImage+Extension.swift"; sourceTree = "<group>"; };
		07E7B89E2671F51800C0FB1E /* EnhancedCircleImageView.swift */ = {isa = PBXFileReference; lastKnownFileType = sourcecode.swift; path = EnhancedCircleImageView.swift; sourceTree = "<group>"; };
		2A79E37873E9F7AFFB68072B /* Pods-Qiita_App-Qiita_AppUITests.debug.xcconfig */ = {isa = PBXFileReference; includeInIndex = 1; lastKnownFileType = text.xcconfig; name = "Pods-Qiita_App-Qiita_AppUITests.debug.xcconfig"; path = "Target Support Files/Pods-Qiita_App-Qiita_AppUITests/Pods-Qiita_App-Qiita_AppUITests.debug.xcconfig"; sourceTree = "<group>"; };
		721F4EE51BE3EF0090240ADA /* Pods-Qiita_AppTests.debug.xcconfig */ = {isa = PBXFileReference; includeInIndex = 1; lastKnownFileType = text.xcconfig; name = "Pods-Qiita_AppTests.debug.xcconfig"; path = "Target Support Files/Pods-Qiita_AppTests/Pods-Qiita_AppTests.debug.xcconfig"; sourceTree = "<group>"; };
		92AFE35B24F8B2212083D60B /* Pods-Qiita_App-Qiita_AppUITests.release.xcconfig */ = {isa = PBXFileReference; includeInIndex = 1; lastKnownFileType = text.xcconfig; name = "Pods-Qiita_App-Qiita_AppUITests.release.xcconfig"; path = "Target Support Files/Pods-Qiita_App-Qiita_AppUITests/Pods-Qiita_App-Qiita_AppUITests.release.xcconfig"; sourceTree = "<group>"; };
		AA49C36ECDB20149A8BB8348 /* Pods-Qiita_AppTests.release.xcconfig */ = {isa = PBXFileReference; includeInIndex = 1; lastKnownFileType = text.xcconfig; name = "Pods-Qiita_AppTests.release.xcconfig"; path = "Target Support Files/Pods-Qiita_AppTests/Pods-Qiita_AppTests.release.xcconfig"; sourceTree = "<group>"; };
		BFAF87A7378337E9C6265B64 /* Pods_Qiita_AppTests.framework */ = {isa = PBXFileReference; explicitFileType = wrapper.framework; includeInIndex = 0; path = Pods_Qiita_AppTests.framework; sourceTree = BUILT_PRODUCTS_DIR; };
		D267A09C6D8BB6602C0AC844 /* Pods_Qiita_App.framework */ = {isa = PBXFileReference; explicitFileType = wrapper.framework; includeInIndex = 0; path = Pods_Qiita_App.framework; sourceTree = BUILT_PRODUCTS_DIR; };
		E51BF7201AE226CA5FA6EA2A /* Pods_Qiita_App_Qiita_AppUITests.framework */ = {isa = PBXFileReference; explicitFileType = wrapper.framework; includeInIndex = 0; path = Pods_Qiita_App_Qiita_AppUITests.framework; sourceTree = BUILT_PRODUCTS_DIR; };
		EB58EEE744CB75716F5B4C0B /* Pods-Qiita_App.release.xcconfig */ = {isa = PBXFileReference; includeInIndex = 1; lastKnownFileType = text.xcconfig; name = "Pods-Qiita_App.release.xcconfig"; path = "Target Support Files/Pods-Qiita_App/Pods-Qiita_App.release.xcconfig"; sourceTree = "<group>"; };
/* End PBXFileReference section */

/* Begin PBXFrameworksBuildPhase section */
		0716D7C7261EED7B008038D1 /* Frameworks */ = {
			isa = PBXFrameworksBuildPhase;
			buildActionMask = 2147483647;
			files = (
				07D042B626281B3B0096EDD7 /* WebKit.framework in Frameworks */,
				8951C901D3280165AAA67226 /* Pods_Qiita_App.framework in Frameworks */,
			);
			runOnlyForDeploymentPostprocessing = 0;
		};
		0716D7DD261EED7C008038D1 /* Frameworks */ = {
			isa = PBXFrameworksBuildPhase;
			buildActionMask = 2147483647;
			files = (
				D52A24D5AF241FD14F048CBD /* Pods_Qiita_AppTests.framework in Frameworks */,
			);
			runOnlyForDeploymentPostprocessing = 0;
		};
		0716D7E8261EED7D008038D1 /* Frameworks */ = {
			isa = PBXFrameworksBuildPhase;
			buildActionMask = 2147483647;
			files = (
				372618CB28352E9673FAD014 /* Pods_Qiita_App_Qiita_AppUITests.framework in Frameworks */,
			);
			runOnlyForDeploymentPostprocessing = 0;
		};
/* End PBXFrameworksBuildPhase section */

/* Begin PBXGroup section */
		0716D7C1261EED7B008038D1 = {
			isa = PBXGroup;
			children = (
				0716D7CC261EED7B008038D1 /* Qiita_App */,
				0716D7E3261EED7C008038D1 /* Qiita_AppTests */,
				0716D7EE261EED7D008038D1 /* Qiita_AppUITests */,
				0716D7CB261EED7B008038D1 /* Products */,
				8FF9C70B798E8ABD20AEA290 /* Pods */,
				4A35D3E28404B141AB06AA12 /* Frameworks */,
			);
			sourceTree = "<group>";
		};
		0716D7CB261EED7B008038D1 /* Products */ = {
			isa = PBXGroup;
			children = (
				0716D7CA261EED7B008038D1 /* Qiita_App.app */,
				0716D7E0261EED7C008038D1 /* Qiita_AppTests.xctest */,
				0716D7EB261EED7D008038D1 /* Qiita_AppUITests.xctest */,
			);
			name = Products;
			sourceTree = "<group>";
		};
		0716D7CC261EED7B008038D1 /* Qiita_App */ = {
			isa = PBXGroup;
			children = (
				0716D7CD261EED7B008038D1 /* AppDelegate.swift */,
				0716D7CF261EED7B008038D1 /* SceneDelegate.swift */,
				0716D7D1261EED7B008038D1 /* TopPageViewController.swift */,
				0716D7D3261EED7B008038D1 /* Main.storyboard */,
				0716D7D6261EED7C008038D1 /* Assets.xcassets */,
				0716D7D8261EED7C008038D1 /* LaunchScreen.storyboard */,
				0716D7DB261EED7C008038D1 /* Info.plist */,
				0738BD9C2626C98000E4580B /* FeedPageViewController.swift */,
				079A87BB263E7BD0008C2503 /* MainTabBarController.swift */,
				071772C32647934000899627 /* QiitaQAuthPageViewController.swift */,
				071772C526479D6700899627 /* DataModel.swift */,
				071772C72647A22300899627 /* QiitaArticlePageViewController.swift */,
				071772CD2647B38200899627 /* FeedPageCell.swift */,
				079DF1782662546B00F298F6 /* SecretKey.swift */,
				0702CC782668CDD30095CF82 /* TagListPageViewController.swift */,
				075BE0D5266B77C200D2DBCD /* TagListCell.swift */,
				07E7B89C2671F4A500C0FB1E /* UIImage+Extension.swift */,
				07E7B89E2671F51800C0FB1E /* EnhancedCircleImageView.swift */,
				07B7550C2685D348009CD7EF /* TagModel.swift */,
				07DE4A29268D9B8300ED9048 /* DataFormate.swift */,
			);
			path = Qiita_App;
			sourceTree = "<group>";
		};
		0716D7E3261EED7C008038D1 /* Qiita_AppTests */ = {
			isa = PBXGroup;
			children = (
				0716D7E4261EED7C008038D1 /* Qiita_AppTests.swift */,
				0716D7E6261EED7D008038D1 /* Info.plist */,
			);
			path = Qiita_AppTests;
			sourceTree = "<group>";
		};
		0716D7EE261EED7D008038D1 /* Qiita_AppUITests */ = {
			isa = PBXGroup;
			children = (
				0716D7EF261EED7D008038D1 /* Qiita_AppUITests.swift */,
				0716D7F1261EED7D008038D1 /* Info.plist */,
			);
			path = Qiita_AppUITests;
			sourceTree = "<group>";
		};
		4A35D3E28404B141AB06AA12 /* Frameworks */ = {
			isa = PBXGroup;
			children = (
				07D042B526281B3B0096EDD7 /* WebKit.framework */,
				D267A09C6D8BB6602C0AC844 /* Pods_Qiita_App.framework */,
				E51BF7201AE226CA5FA6EA2A /* Pods_Qiita_App_Qiita_AppUITests.framework */,
				BFAF87A7378337E9C6265B64 /* Pods_Qiita_AppTests.framework */,
			);
			name = Frameworks;
			sourceTree = "<group>";
		};
		8FF9C70B798E8ABD20AEA290 /* Pods */ = {
			isa = PBXGroup;
			children = (
				01AF906B2B7B997C63AAC2AA /* Pods-Qiita_App.debug.xcconfig */,
				EB58EEE744CB75716F5B4C0B /* Pods-Qiita_App.release.xcconfig */,
				2A79E37873E9F7AFFB68072B /* Pods-Qiita_App-Qiita_AppUITests.debug.xcconfig */,
				92AFE35B24F8B2212083D60B /* Pods-Qiita_App-Qiita_AppUITests.release.xcconfig */,
				721F4EE51BE3EF0090240ADA /* Pods-Qiita_AppTests.debug.xcconfig */,
				AA49C36ECDB20149A8BB8348 /* Pods-Qiita_AppTests.release.xcconfig */,
			);
			path = Pods;
			sourceTree = "<group>";
		};
/* End PBXGroup section */

/* Begin PBXNativeTarget section */
		0716D7C9261EED7B008038D1 /* Qiita_App */ = {
			isa = PBXNativeTarget;
			buildConfigurationList = 0716D7F4261EED7D008038D1 /* Build configuration list for PBXNativeTarget "Qiita_App" */;
			buildPhases = (
				A4BE1D6D91875F5B4EFA0046 /* [CP] Check Pods Manifest.lock */,
				0716D7C6261EED7B008038D1 /* Sources */,
				0716D7C7261EED7B008038D1 /* Frameworks */,
				0716D7C8261EED7B008038D1 /* Resources */,
				5DE0CF66AA73A02C514C9EBC /* [CP] Embed Pods Frameworks */,
			);
			buildRules = (
			);
			dependencies = (
			);
			name = Qiita_App;
			productName = Qiita_App;
			productReference = 0716D7CA261EED7B008038D1 /* Qiita_App.app */;
			productType = "com.apple.product-type.application";
		};
		0716D7DF261EED7C008038D1 /* Qiita_AppTests */ = {
			isa = PBXNativeTarget;
			buildConfigurationList = 0716D7F7261EED7D008038D1 /* Build configuration list for PBXNativeTarget "Qiita_AppTests" */;
			buildPhases = (
				DDD17F1CA14754A3F81786F0 /* [CP] Check Pods Manifest.lock */,
				0716D7DC261EED7C008038D1 /* Sources */,
				0716D7DD261EED7C008038D1 /* Frameworks */,
				0716D7DE261EED7C008038D1 /* Resources */,
			);
			buildRules = (
			);
			dependencies = (
				0716D7E2261EED7C008038D1 /* PBXTargetDependency */,
			);
			name = Qiita_AppTests;
			productName = Qiita_AppTests;
			productReference = 0716D7E0261EED7C008038D1 /* Qiita_AppTests.xctest */;
			productType = "com.apple.product-type.bundle.unit-test";
		};
		0716D7EA261EED7D008038D1 /* Qiita_AppUITests */ = {
			isa = PBXNativeTarget;
			buildConfigurationList = 0716D7FA261EED7D008038D1 /* Build configuration list for PBXNativeTarget "Qiita_AppUITests" */;
			buildPhases = (
				505B3065B0A2D03D16BC2313 /* [CP] Check Pods Manifest.lock */,
				0716D7E7261EED7D008038D1 /* Sources */,
				0716D7E8261EED7D008038D1 /* Frameworks */,
				0716D7E9261EED7D008038D1 /* Resources */,
				4ED9F1343FE63EC8590AF37B /* [CP] Embed Pods Frameworks */,
			);
			buildRules = (
			);
			dependencies = (
				0716D7ED261EED7D008038D1 /* PBXTargetDependency */,
			);
			name = Qiita_AppUITests;
			productName = Qiita_AppUITests;
			productReference = 0716D7EB261EED7D008038D1 /* Qiita_AppUITests.xctest */;
			productType = "com.apple.product-type.bundle.ui-testing";
		};
/* End PBXNativeTarget section */

/* Begin PBXProject section */
		0716D7C2261EED7B008038D1 /* Project object */ = {
			isa = PBXProject;
			attributes = {
				LastSwiftUpdateCheck = 1150;
				LastUpgradeCheck = 1150;
				ORGANIZATIONNAME = "Sakai Syunya";
				TargetAttributes = {
					0716D7C9261EED7B008038D1 = {
						CreatedOnToolsVersion = 11.5;
					};
					0716D7DF261EED7C008038D1 = {
						CreatedOnToolsVersion = 11.5;
						TestTargetID = 0716D7C9261EED7B008038D1;
					};
					0716D7EA261EED7D008038D1 = {
						CreatedOnToolsVersion = 11.5;
						TestTargetID = 0716D7C9261EED7B008038D1;
					};
				};
			};
			buildConfigurationList = 0716D7C5261EED7B008038D1 /* Build configuration list for PBXProject "Qiita_App" */;
			compatibilityVersion = "Xcode 9.3";
			developmentRegion = en;
			hasScannedForEncodings = 0;
			knownRegions = (
				en,
				Base,
			);
			mainGroup = 0716D7C1261EED7B008038D1;
			productRefGroup = 0716D7CB261EED7B008038D1 /* Products */;
			projectDirPath = "";
			projectRoot = "";
			targets = (
				0716D7C9261EED7B008038D1 /* Qiita_App */,
				0716D7DF261EED7C008038D1 /* Qiita_AppTests */,
				0716D7EA261EED7D008038D1 /* Qiita_AppUITests */,
			);
		};
/* End PBXProject section */

/* Begin PBXResourcesBuildPhase section */
		0716D7C8261EED7B008038D1 /* Resources */ = {
			isa = PBXResourcesBuildPhase;
			buildActionMask = 2147483647;
			files = (
				0716D7DA261EED7C008038D1 /* LaunchScreen.storyboard in Resources */,
				0716D7D7261EED7C008038D1 /* Assets.xcassets in Resources */,
				0716D7D5261EED7B008038D1 /* Main.storyboard in Resources */,
			);
			runOnlyForDeploymentPostprocessing = 0;
		};
		0716D7DE261EED7C008038D1 /* Resources */ = {
			isa = PBXResourcesBuildPhase;
			buildActionMask = 2147483647;
			files = (
			);
			runOnlyForDeploymentPostprocessing = 0;
		};
		0716D7E9261EED7D008038D1 /* Resources */ = {
			isa = PBXResourcesBuildPhase;
			buildActionMask = 2147483647;
			files = (
			);
			runOnlyForDeploymentPostprocessing = 0;
		};
/* End PBXResourcesBuildPhase section */

/* Begin PBXShellScriptBuildPhase section */
		4ED9F1343FE63EC8590AF37B /* [CP] Embed Pods Frameworks */ = {
			isa = PBXShellScriptBuildPhase;
			buildActionMask = 2147483647;
			files = (
			);
			inputFileListPaths = (
				"${PODS_ROOT}/Target Support Files/Pods-Qiita_App-Qiita_AppUITests/Pods-Qiita_App-Qiita_AppUITests-frameworks-${CONFIGURATION}-input-files.xcfilelist",
			);
			name = "[CP] Embed Pods Frameworks";
			outputFileListPaths = (
				"${PODS_ROOT}/Target Support Files/Pods-Qiita_App-Qiita_AppUITests/Pods-Qiita_App-Qiita_AppUITests-frameworks-${CONFIGURATION}-output-files.xcfilelist",
			);
			runOnlyForDeploymentPostprocessing = 0;
			shellPath = /bin/sh;
			shellScript = "\"${PODS_ROOT}/Target Support Files/Pods-Qiita_App-Qiita_AppUITests/Pods-Qiita_App-Qiita_AppUITests-frameworks.sh\"\n";
			showEnvVarsInLog = 0;
		};
		505B3065B0A2D03D16BC2313 /* [CP] Check Pods Manifest.lock */ = {
			isa = PBXShellScriptBuildPhase;
			buildActionMask = 2147483647;
			files = (
			);
			inputFileListPaths = (
			);
			inputPaths = (
				"${PODS_PODFILE_DIR_PATH}/Podfile.lock",
				"${PODS_ROOT}/Manifest.lock",
			);
			name = "[CP] Check Pods Manifest.lock";
			outputFileListPaths = (
			);
			outputPaths = (
				"$(DERIVED_FILE_DIR)/Pods-Qiita_App-Qiita_AppUITests-checkManifestLockResult.txt",
			);
			runOnlyForDeploymentPostprocessing = 0;
			shellPath = /bin/sh;
			shellScript = "diff \"${PODS_PODFILE_DIR_PATH}/Podfile.lock\" \"${PODS_ROOT}/Manifest.lock\" > /dev/null\nif [ $? != 0 ] ; then\n    # print error to STDERR\n    echo \"error: The sandbox is not in sync with the Podfile.lock. Run 'pod install' or update your CocoaPods installation.\" >&2\n    exit 1\nfi\n# This output is used by Xcode 'outputs' to avoid re-running this script phase.\necho \"SUCCESS\" > \"${SCRIPT_OUTPUT_FILE_0}\"\n";
			showEnvVarsInLog = 0;
		};
		5DE0CF66AA73A02C514C9EBC /* [CP] Embed Pods Frameworks */ = {
			isa = PBXShellScriptBuildPhase;
			buildActionMask = 2147483647;
			files = (
			);
			inputFileListPaths = (
				"${PODS_ROOT}/Target Support Files/Pods-Qiita_App/Pods-Qiita_App-frameworks-${CONFIGURATION}-input-files.xcfilelist",
			);
			name = "[CP] Embed Pods Frameworks";
			outputFileListPaths = (
				"${PODS_ROOT}/Target Support Files/Pods-Qiita_App/Pods-Qiita_App-frameworks-${CONFIGURATION}-output-files.xcfilelist",
			);
			runOnlyForDeploymentPostprocessing = 0;
			shellPath = /bin/sh;
			shellScript = "\"${PODS_ROOT}/Target Support Files/Pods-Qiita_App/Pods-Qiita_App-frameworks.sh\"\n";
			showEnvVarsInLog = 0;
		};
		A4BE1D6D91875F5B4EFA0046 /* [CP] Check Pods Manifest.lock */ = {
			isa = PBXShellScriptBuildPhase;
			buildActionMask = 2147483647;
			files = (
			);
			inputFileListPaths = (
			);
			inputPaths = (
				"${PODS_PODFILE_DIR_PATH}/Podfile.lock",
				"${PODS_ROOT}/Manifest.lock",
			);
			name = "[CP] Check Pods Manifest.lock";
			outputFileListPaths = (
			);
			outputPaths = (
				"$(DERIVED_FILE_DIR)/Pods-Qiita_App-checkManifestLockResult.txt",
			);
			runOnlyForDeploymentPostprocessing = 0;
			shellPath = /bin/sh;
			shellScript = "diff \"${PODS_PODFILE_DIR_PATH}/Podfile.lock\" \"${PODS_ROOT}/Manifest.lock\" > /dev/null\nif [ $? != 0 ] ; then\n    # print error to STDERR\n    echo \"error: The sandbox is not in sync with the Podfile.lock. Run 'pod install' or update your CocoaPods installation.\" >&2\n    exit 1\nfi\n# This output is used by Xcode 'outputs' to avoid re-running this script phase.\necho \"SUCCESS\" > \"${SCRIPT_OUTPUT_FILE_0}\"\n";
			showEnvVarsInLog = 0;
		};
		DDD17F1CA14754A3F81786F0 /* [CP] Check Pods Manifest.lock */ = {
			isa = PBXShellScriptBuildPhase;
			buildActionMask = 2147483647;
			files = (
			);
			inputFileListPaths = (
			);
			inputPaths = (
				"${PODS_PODFILE_DIR_PATH}/Podfile.lock",
				"${PODS_ROOT}/Manifest.lock",
			);
			name = "[CP] Check Pods Manifest.lock";
			outputFileListPaths = (
			);
			outputPaths = (
				"$(DERIVED_FILE_DIR)/Pods-Qiita_AppTests-checkManifestLockResult.txt",
			);
			runOnlyForDeploymentPostprocessing = 0;
			shellPath = /bin/sh;
			shellScript = "diff \"${PODS_PODFILE_DIR_PATH}/Podfile.lock\" \"${PODS_ROOT}/Manifest.lock\" > /dev/null\nif [ $? != 0 ] ; then\n    # print error to STDERR\n    echo \"error: The sandbox is not in sync with the Podfile.lock. Run 'pod install' or update your CocoaPods installation.\" >&2\n    exit 1\nfi\n# This output is used by Xcode 'outputs' to avoid re-running this script phase.\necho \"SUCCESS\" > \"${SCRIPT_OUTPUT_FILE_0}\"\n";
			showEnvVarsInLog = 0;
		};
/* End PBXShellScriptBuildPhase section */

/* Begin PBXSourcesBuildPhase section */
		0716D7C6261EED7B008038D1 /* Sources */ = {
			isa = PBXSourcesBuildPhase;
			buildActionMask = 2147483647;
			files = (
				07E7B89F2671F51800C0FB1E /* EnhancedCircleImageView.swift in Sources */,
				071772CF2647B38200899627 /* FeedPageCell.swift in Sources */,
				07E7B89D2671F4A500C0FB1E /* UIImage+Extension.swift in Sources */,
				079DF1792662546B00F298F6 /* SecretKey.swift in Sources */,
				07DE4A2A268D9B8300ED9048 /* DataFormate.swift in Sources */,
				071772C626479D6700899627 /* DataModel.swift in Sources */,
				0716D7D2261EED7B008038D1 /* TopPageViewController.swift in Sources */,
				0702CC792668CDD30095CF82 /* TagListPageViewController.swift in Sources */,
				0716D7CE261EED7B008038D1 /* AppDelegate.swift in Sources */,
				075BE0D6266B77C200D2DBCD /* TagListCell.swift in Sources */,
				079A87BC263E7BD0008C2503 /* MainTabBarController.swift in Sources */,
				0738BD9E2626C98000E4580B /* FeedPageViewController.swift in Sources */,
				071772C42647934000899627 /* QiitaQAuthPageViewController.swift in Sources */,
				07B7550D2685D348009CD7EF /* TagModel.swift in Sources */,
				0716D7D0261EED7B008038D1 /* SceneDelegate.swift in Sources */,
				071772C82647A22300899627 /* QiitaArticlePageViewController.swift in Sources */,
			);
			runOnlyForDeploymentPostprocessing = 0;
		};
		0716D7DC261EED7C008038D1 /* Sources */ = {
			isa = PBXSourcesBuildPhase;
			buildActionMask = 2147483647;
			files = (
				0716D7E5261EED7C008038D1 /* Qiita_AppTests.swift in Sources */,
			);
			runOnlyForDeploymentPostprocessing = 0;
		};
		0716D7E7261EED7D008038D1 /* Sources */ = {
			isa = PBXSourcesBuildPhase;
			buildActionMask = 2147483647;
			files = (
				0716D7F0261EED7D008038D1 /* Qiita_AppUITests.swift in Sources */,
			);
			runOnlyForDeploymentPostprocessing = 0;
		};
/* End PBXSourcesBuildPhase section */

/* Begin PBXTargetDependency section */
		0716D7E2261EED7C008038D1 /* PBXTargetDependency */ = {
			isa = PBXTargetDependency;
			target = 0716D7C9261EED7B008038D1 /* Qiita_App */;
			targetProxy = 0716D7E1261EED7C008038D1 /* PBXContainerItemProxy */;
		};
		0716D7ED261EED7D008038D1 /* PBXTargetDependency */ = {
			isa = PBXTargetDependency;
			target = 0716D7C9261EED7B008038D1 /* Qiita_App */;
			targetProxy = 0716D7EC261EED7D008038D1 /* PBXContainerItemProxy */;
		};
/* End PBXTargetDependency section */

/* Begin PBXVariantGroup section */
		0716D7D3261EED7B008038D1 /* Main.storyboard */ = {
			isa = PBXVariantGroup;
			children = (
				0716D7D4261EED7B008038D1 /* Base */,
			);
			name = Main.storyboard;
			sourceTree = "<group>";
		};
		0716D7D8261EED7C008038D1 /* LaunchScreen.storyboard */ = {
			isa = PBXVariantGroup;
			children = (
				0716D7D9261EED7C008038D1 /* Base */,
			);
			name = LaunchScreen.storyboard;
			sourceTree = "<group>";
		};
/* End PBXVariantGroup section */

/* Begin XCBuildConfiguration section */
		0716D7F2261EED7D008038D1 /* Debug */ = {
			isa = XCBuildConfiguration;
			buildSettings = {
				ALWAYS_SEARCH_USER_PATHS = NO;
				CLANG_ANALYZER_NONNULL = YES;
				CLANG_ANALYZER_NUMBER_OBJECT_CONVERSION = YES_AGGRESSIVE;
				CLANG_CXX_LANGUAGE_STANDARD = "gnu++14";
				CLANG_CXX_LIBRARY = "libc++";
				CLANG_ENABLE_MODULES = YES;
				CLANG_ENABLE_OBJC_ARC = YES;
				CLANG_ENABLE_OBJC_WEAK = YES;
				CLANG_WARN_BLOCK_CAPTURE_AUTORELEASING = YES;
				CLANG_WARN_BOOL_CONVERSION = YES;
				CLANG_WARN_COMMA = YES;
				CLANG_WARN_CONSTANT_CONVERSION = YES;
				CLANG_WARN_DEPRECATED_OBJC_IMPLEMENTATIONS = YES;
				CLANG_WARN_DIRECT_OBJC_ISA_USAGE = YES_ERROR;
				CLANG_WARN_DOCUMENTATION_COMMENTS = YES;
				CLANG_WARN_EMPTY_BODY = YES;
				CLANG_WARN_ENUM_CONVERSION = YES;
				CLANG_WARN_INFINITE_RECURSION = YES;
				CLANG_WARN_INT_CONVERSION = YES;
				CLANG_WARN_NON_LITERAL_NULL_CONVERSION = YES;
				CLANG_WARN_OBJC_IMPLICIT_RETAIN_SELF = YES;
				CLANG_WARN_OBJC_LITERAL_CONVERSION = YES;
				CLANG_WARN_OBJC_ROOT_CLASS = YES_ERROR;
				CLANG_WARN_RANGE_LOOP_ANALYSIS = YES;
				CLANG_WARN_STRICT_PROTOTYPES = YES;
				CLANG_WARN_SUSPICIOUS_MOVE = YES;
				CLANG_WARN_UNGUARDED_AVAILABILITY = YES_AGGRESSIVE;
				CLANG_WARN_UNREACHABLE_CODE = YES;
				CLANG_WARN__DUPLICATE_METHOD_MATCH = YES;
				COPY_PHASE_STRIP = NO;
				DEBUG_INFORMATION_FORMAT = dwarf;
				ENABLE_STRICT_OBJC_MSGSEND = YES;
				ENABLE_TESTABILITY = YES;
				GCC_C_LANGUAGE_STANDARD = gnu11;
				GCC_DYNAMIC_NO_PIC = NO;
				GCC_NO_COMMON_BLOCKS = YES;
				GCC_OPTIMIZATION_LEVEL = 0;
				GCC_PREPROCESSOR_DEFINITIONS = (
					"DEBUG=1",
					"$(inherited)",
				);
				GCC_WARN_64_TO_32_BIT_CONVERSION = YES;
				GCC_WARN_ABOUT_RETURN_TYPE = YES_ERROR;
				GCC_WARN_UNDECLARED_SELECTOR = YES;
				GCC_WARN_UNINITIALIZED_AUTOS = YES_AGGRESSIVE;
				GCC_WARN_UNUSED_FUNCTION = YES;
				GCC_WARN_UNUSED_VARIABLE = YES;
				IPHONEOS_DEPLOYMENT_TARGET = 13.5;
				MTL_ENABLE_DEBUG_INFO = INCLUDE_SOURCE;
				MTL_FAST_MATH = YES;
				ONLY_ACTIVE_ARCH = YES;
				SDKROOT = iphoneos;
				SWIFT_ACTIVE_COMPILATION_CONDITIONS = DEBUG;
				SWIFT_OPTIMIZATION_LEVEL = "-Onone";
			};
			name = Debug;
		};
		0716D7F3261EED7D008038D1 /* Release */ = {
			isa = XCBuildConfiguration;
			buildSettings = {
				ALWAYS_SEARCH_USER_PATHS = NO;
				CLANG_ANALYZER_NONNULL = YES;
				CLANG_ANALYZER_NUMBER_OBJECT_CONVERSION = YES_AGGRESSIVE;
				CLANG_CXX_LANGUAGE_STANDARD = "gnu++14";
				CLANG_CXX_LIBRARY = "libc++";
				CLANG_ENABLE_MODULES = YES;
				CLANG_ENABLE_OBJC_ARC = YES;
				CLANG_ENABLE_OBJC_WEAK = YES;
				CLANG_WARN_BLOCK_CAPTURE_AUTORELEASING = YES;
				CLANG_WARN_BOOL_CONVERSION = YES;
				CLANG_WARN_COMMA = YES;
				CLANG_WARN_CONSTANT_CONVERSION = YES;
				CLANG_WARN_DEPRECATED_OBJC_IMPLEMENTATIONS = YES;
				CLANG_WARN_DIRECT_OBJC_ISA_USAGE = YES_ERROR;
				CLANG_WARN_DOCUMENTATION_COMMENTS = YES;
				CLANG_WARN_EMPTY_BODY = YES;
				CLANG_WARN_ENUM_CONVERSION = YES;
				CLANG_WARN_INFINITE_RECURSION = YES;
				CLANG_WARN_INT_CONVERSION = YES;
				CLANG_WARN_NON_LITERAL_NULL_CONVERSION = YES;
				CLANG_WARN_OBJC_IMPLICIT_RETAIN_SELF = YES;
				CLANG_WARN_OBJC_LITERAL_CONVERSION = YES;
				CLANG_WARN_OBJC_ROOT_CLASS = YES_ERROR;
				CLANG_WARN_RANGE_LOOP_ANALYSIS = YES;
				CLANG_WARN_STRICT_PROTOTYPES = YES;
				CLANG_WARN_SUSPICIOUS_MOVE = YES;
				CLANG_WARN_UNGUARDED_AVAILABILITY = YES_AGGRESSIVE;
				CLANG_WARN_UNREACHABLE_CODE = YES;
				CLANG_WARN__DUPLICATE_METHOD_MATCH = YES;
				COPY_PHASE_STRIP = NO;
				DEBUG_INFORMATION_FORMAT = "dwarf-with-dsym";
				ENABLE_NS_ASSERTIONS = NO;
				ENABLE_STRICT_OBJC_MSGSEND = YES;
				GCC_C_LANGUAGE_STANDARD = gnu11;
				GCC_NO_COMMON_BLOCKS = YES;
				GCC_WARN_64_TO_32_BIT_CONVERSION = YES;
				GCC_WARN_ABOUT_RETURN_TYPE = YES_ERROR;
				GCC_WARN_UNDECLARED_SELECTOR = YES;
				GCC_WARN_UNINITIALIZED_AUTOS = YES_AGGRESSIVE;
				GCC_WARN_UNUSED_FUNCTION = YES;
				GCC_WARN_UNUSED_VARIABLE = YES;
				IPHONEOS_DEPLOYMENT_TARGET = 13.5;
				MTL_ENABLE_DEBUG_INFO = NO;
				MTL_FAST_MATH = YES;
				SDKROOT = iphoneos;
				SWIFT_COMPILATION_MODE = wholemodule;
				SWIFT_OPTIMIZATION_LEVEL = "-O";
				VALIDATE_PRODUCT = YES;
			};
			name = Release;
		};
		0716D7F5261EED7D008038D1 /* Debug */ = {
			isa = XCBuildConfiguration;
			baseConfigurationReference = 01AF906B2B7B997C63AAC2AA /* Pods-Qiita_App.debug.xcconfig */;
			buildSettings = {
				ASSETCATALOG_COMPILER_APPICON_NAME = AppIcon;
				CODE_SIGN_STYLE = Automatic;
				INFOPLIST_FILE = Qiita_App/Info.plist;
				LD_RUNPATH_SEARCH_PATHS = (
					"$(inherited)",
					"@executable_path/Frameworks",
				);
				PRODUCT_BUNDLE_IDENTIFIER = "com.sakai-mobileiOS.Qiita-App";
				PRODUCT_NAME = "$(TARGET_NAME)";
				SWIFT_VERSION = 5.0;
				TARGETED_DEVICE_FAMILY = "1,2";
			};
			name = Debug;
		};
		0716D7F6261EED7D008038D1 /* Release */ = {
			isa = XCBuildConfiguration;
			baseConfigurationReference = EB58EEE744CB75716F5B4C0B /* Pods-Qiita_App.release.xcconfig */;
			buildSettings = {
				ASSETCATALOG_COMPILER_APPICON_NAME = AppIcon;
				CODE_SIGN_STYLE = Automatic;
				INFOPLIST_FILE = Qiita_App/Info.plist;
				LD_RUNPATH_SEARCH_PATHS = (
					"$(inherited)",
					"@executable_path/Frameworks",
				);
				PRODUCT_BUNDLE_IDENTIFIER = "com.sakai-mobileiOS.Qiita-App";
				PRODUCT_NAME = "$(TARGET_NAME)";
				SWIFT_VERSION = 5.0;
				TARGETED_DEVICE_FAMILY = "1,2";
			};
			name = Release;
		};
		0716D7F8261EED7D008038D1 /* Debug */ = {
			isa = XCBuildConfiguration;
			baseConfigurationReference = 721F4EE51BE3EF0090240ADA /* Pods-Qiita_AppTests.debug.xcconfig */;
			buildSettings = {
				ALWAYS_EMBED_SWIFT_STANDARD_LIBRARIES = YES;
				BUNDLE_LOADER = "$(TEST_HOST)";
				CODE_SIGN_STYLE = Automatic;
				INFOPLIST_FILE = Qiita_AppTests/Info.plist;
				IPHONEOS_DEPLOYMENT_TARGET = 13.5;
				LD_RUNPATH_SEARCH_PATHS = (
					"$(inherited)",
					"@executable_path/Frameworks",
					"@loader_path/Frameworks",
				);
				PRODUCT_BUNDLE_IDENTIFIER = "com.sakai-mobileiOS.Qiita-AppTests";
				PRODUCT_NAME = "$(TARGET_NAME)";
				SWIFT_VERSION = 5.0;
				TARGETED_DEVICE_FAMILY = "1,2";
				TEST_HOST = "$(BUILT_PRODUCTS_DIR)/Qiita_App.app/Qiita_App";
			};
			name = Debug;
		};
		0716D7F9261EED7D008038D1 /* Release */ = {
			isa = XCBuildConfiguration;
			baseConfigurationReference = AA49C36ECDB20149A8BB8348 /* Pods-Qiita_AppTests.release.xcconfig */;
			buildSettings = {
				ALWAYS_EMBED_SWIFT_STANDARD_LIBRARIES = YES;
				BUNDLE_LOADER = "$(TEST_HOST)";
				CODE_SIGN_STYLE = Automatic;
				INFOPLIST_FILE = Qiita_AppTests/Info.plist;
				IPHONEOS_DEPLOYMENT_TARGET = 13.5;
				LD_RUNPATH_SEARCH_PATHS = (
					"$(inherited)",
					"@executable_path/Frameworks",
					"@loader_path/Frameworks",
				);
				PRODUCT_BUNDLE_IDENTIFIER = "com.sakai-mobileiOS.Qiita-AppTests";
				PRODUCT_NAME = "$(TARGET_NAME)";
				SWIFT_VERSION = 5.0;
				TARGETED_DEVICE_FAMILY = "1,2";
				TEST_HOST = "$(BUILT_PRODUCTS_DIR)/Qiita_App.app/Qiita_App";
			};
			name = Release;
		};
		0716D7FB261EED7D008038D1 /* Debug */ = {
			isa = XCBuildConfiguration;
			baseConfigurationReference = 2A79E37873E9F7AFFB68072B /* Pods-Qiita_App-Qiita_AppUITests.debug.xcconfig */;
			buildSettings = {
				ALWAYS_EMBED_SWIFT_STANDARD_LIBRARIES = YES;
				CODE_SIGN_STYLE = Automatic;
				INFOPLIST_FILE = Qiita_AppUITests/Info.plist;
				LD_RUNPATH_SEARCH_PATHS = (
					"$(inherited)",
					"@executable_path/Frameworks",
					"@loader_path/Frameworks",
				);
				PRODUCT_BUNDLE_IDENTIFIER = "com.sakai-mobileiOS.Qiita-AppUITests";
				PRODUCT_NAME = "$(TARGET_NAME)";
				SWIFT_VERSION = 5.0;
				TARGETED_DEVICE_FAMILY = "1,2";
				TEST_TARGET_NAME = Qiita_App;
			};
			name = Debug;
		};
		0716D7FC261EED7D008038D1 /* Release */ = {
			isa = XCBuildConfiguration;
			baseConfigurationReference = 92AFE35B24F8B2212083D60B /* Pods-Qiita_App-Qiita_AppUITests.release.xcconfig */;
			buildSettings = {
				ALWAYS_EMBED_SWIFT_STANDARD_LIBRARIES = YES;
				CODE_SIGN_STYLE = Automatic;
				INFOPLIST_FILE = Qiita_AppUITests/Info.plist;
				LD_RUNPATH_SEARCH_PATHS = (
					"$(inherited)",
					"@executable_path/Frameworks",
					"@loader_path/Frameworks",
				);
				PRODUCT_BUNDLE_IDENTIFIER = "com.sakai-mobileiOS.Qiita-AppUITests";
				PRODUCT_NAME = "$(TARGET_NAME)";
				SWIFT_VERSION = 5.0;
				TARGETED_DEVICE_FAMILY = "1,2";
				TEST_TARGET_NAME = Qiita_App;
			};
			name = Release;
		};
/* End XCBuildConfiguration section */

/* Begin XCConfigurationList section */
		0716D7C5261EED7B008038D1 /* Build configuration list for PBXProject "Qiita_App" */ = {
			isa = XCConfigurationList;
			buildConfigurations = (
				0716D7F2261EED7D008038D1 /* Debug */,
				0716D7F3261EED7D008038D1 /* Release */,
			);
			defaultConfigurationIsVisible = 0;
			defaultConfigurationName = Release;
		};
		0716D7F4261EED7D008038D1 /* Build configuration list for PBXNativeTarget "Qiita_App" */ = {
			isa = XCConfigurationList;
			buildConfigurations = (
				0716D7F5261EED7D008038D1 /* Debug */,
				0716D7F6261EED7D008038D1 /* Release */,
			);
			defaultConfigurationIsVisible = 0;
			defaultConfigurationName = Release;
		};
		0716D7F7261EED7D008038D1 /* Build configuration list for PBXNativeTarget "Qiita_AppTests" */ = {
			isa = XCConfigurationList;
			buildConfigurations = (
				0716D7F8261EED7D008038D1 /* Debug */,
				0716D7F9261EED7D008038D1 /* Release */,
			);
			defaultConfigurationIsVisible = 0;
			defaultConfigurationName = Release;
		};
		0716D7FA261EED7D008038D1 /* Build configuration list for PBXNativeTarget "Qiita_AppUITests" */ = {
			isa = XCConfigurationList;
			buildConfigurations = (
				0716D7FB261EED7D008038D1 /* Debug */,
				0716D7FC261EED7D008038D1 /* Release */,
			);
			defaultConfigurationIsVisible = 0;
			defaultConfigurationName = Release;
		};
/* End XCConfigurationList section */
	};
	rootObject = 0716D7C2261EED7B008038D1 /* Project object */;
}
